
Microsoft Visual Studio Solution File, Format Version 12.00
# Visual Studio 15
VisualStudioVersion = 15.0.26430.16
MinimumVisualStudioVersion = 10.0.40219.1
Project("{D954291E-2A0B-460D-934E-DC6B0785DB48}") = "XrnCourse.FormsHelloSap", "XrnCourse.FormsHelloSap\XrnCourse.FormsHelloSap\XrnCourse.FormsHelloSap.shproj", "{8065BDF8-0637-4616-9EAB-13F1C5AEDE27}"
EndProject
Project("{FAE04EC0-301F-11D3-BF4B-00C04F79EFBC}") = "XrnCourse.FormsHelloSap.Android", "XrnCourse.FormsHelloSap\XrnCourse.FormsHelloSap.Android\XrnCourse.FormsHelloSap.Android.csproj", "{87CFC833-E895-4DDB-B781-EE4354084914}"
EndProject
Project("{FAE04EC0-301F-11D3-BF4B-00C04F79EFBC}") = "XrnCourse.FormsHelloSap.iOS", "XrnCourse.FormsHelloSap\XrnCourse.FormsHelloSap.iOS\XrnCourse.FormsHelloSap.iOS.csproj", "{4DC4C27C-3D24-48E5-9B0C-C8EA56FDEF88}"
EndProject
Project("{FAE04EC0-301F-11D3-BF4B-00C04F79EFBC}") = "XrnCourse.FormsHelloSap.UWP", "XrnCourse.FormsHelloSap\XrnCourse.FormsHelloSap.UWP\XrnCourse.FormsHelloSap.UWP.csproj", "{E4463D0C-D4F6-4073-B3D9-5DDEB5368A23}"
EndProject
Global
	GlobalSection(SharedMSBuildProjectFiles) = preSolution
		XrnCourse.FormsHelloSap\XrnCourse.FormsHelloSap\XrnCourse.FormsHelloSap.projitems*{4dc4c27c-3d24-48e5-9b0c-c8ea56fdef88}*SharedItemsImports = 4
		XrnCourse.FormsHelloSap\XrnCourse.FormsHelloSap\XrnCourse.FormsHelloSap.projitems*{8065bdf8-0637-4616-9eab-13f1c5aede27}*SharedItemsImports = 13
		XrnCourse.FormsHelloSap\XrnCourse.FormsHelloSap\XrnCourse.FormsHelloSap.projitems*{87cfc833-e895-4ddb-b781-ee4354084914}*SharedItemsImports = 4
	EndGlobalSection
	GlobalSection(SolutionConfigurationPlatforms) = preSolution
		Ad-Hoc|Any CPU = Ad-Hoc|Any CPU
		Ad-Hoc|ARM = Ad-Hoc|ARM
		Ad-Hoc|iPhone = Ad-Hoc|iPhone
		Ad-Hoc|iPhoneSimulator = Ad-Hoc|iPhoneSimulator
		Ad-Hoc|x64 = Ad-Hoc|x64
		Ad-Hoc|x86 = Ad-Hoc|x86
		AppStore|Any CPU = AppStore|Any CPU
		AppStore|ARM = AppStore|ARM
		AppStore|iPhone = AppStore|iPhone
		AppStore|iPhoneSimulator = AppStore|iPhoneSimulator
		AppStore|x64 = AppStore|x64
		AppStore|x86 = AppStore|x86
		Debug|Any CPU = Debug|Any CPU
		Debug|ARM = Debug|ARM
		Debug|iPhone = Debug|iPhone
		Debug|iPhoneSimulator = Debug|iPhoneSimulator
		Debug|x64 = Debug|x64
		Debug|x86 = Debug|x86
		Release|Any CPU = Release|Any CPU
		Release|ARM = Release|ARM
		Release|iPhone = Release|iPhone
		Release|iPhoneSimulator = Release|iPhoneSimulator
		Release|x64 = Release|x64
		Release|x86 = Release|x86
	EndGlobalSection
	GlobalSection(ProjectConfigurationPlatforms) = postSolution
		{87CFC833-E895-4DDB-B781-EE4354084914}.Ad-Hoc|Any CPU.ActiveCfg = Release|Any CPU
		{87CFC833-E895-4DDB-B781-EE4354084914}.Ad-Hoc|Any CPU.Build.0 = Release|Any CPU
		{87CFC833-E895-4DDB-B781-EE4354084914}.Ad-Hoc|Any CPU.Deploy.0 = Release|Any CPU
		{87CFC833-E895-4DDB-B781-EE4354084914}.Ad-Hoc|ARM.ActiveCfg = Release|Any CPU
		{87CFC833-E895-4DDB-B781-EE4354084914}.Ad-Hoc|ARM.Build.0 = Release|Any CPU
		{87CFC833-E895-4DDB-B781-EE4354084914}.Ad-Hoc|ARM.Deploy.0 = Release|Any CPU
		{87CFC833-E895-4DDB-B781-EE4354084914}.Ad-Hoc|iPhone.ActiveCfg = Release|Any CPU
		{87CFC833-E895-4DDB-B781-EE4354084914}.Ad-Hoc|iPhone.Build.0 = Release|Any CPU
		{87CFC833-E895-4DDB-B781-EE4354084914}.Ad-Hoc|iPhone.Deploy.0 = Release|Any CPU
		{87CFC833-E895-4DDB-B781-EE4354084914}.Ad-Hoc|iPhoneSimulator.ActiveCfg = Release|Any CPU
		{87CFC833-E895-4DDB-B781-EE4354084914}.Ad-Hoc|iPhoneSimulator.Build.0 = Release|Any CPU
		{87CFC833-E895-4DDB-B781-EE4354084914}.Ad-Hoc|iPhoneSimulator.Deploy.0 = Release|Any CPU
		{87CFC833-E895-4DDB-B781-EE4354084914}.Ad-Hoc|x64.ActiveCfg = Release|Any CPU
		{87CFC833-E895-4DDB-B781-EE4354084914}.Ad-Hoc|x64.Build.0 = Release|Any CPU
		{87CFC833-E895-4DDB-B781-EE4354084914}.Ad-Hoc|x64.Deploy.0 = Release|Any CPU
		{87CFC833-E895-4DDB-B781-EE4354084914}.Ad-Hoc|x86.ActiveCfg = Release|Any CPU
		{87CFC833-E895-4DDB-B781-EE4354084914}.Ad-Hoc|x86.Build.0 = Release|Any CPU
		{87CFC833-E895-4DDB-B781-EE4354084914}.Ad-Hoc|x86.Deploy.0 = Release|Any CPU
		{87CFC833-E895-4DDB-B781-EE4354084914}.AppStore|Any CPU.ActiveCfg = Release|Any CPU
		{87CFC833-E895-4DDB-B781-EE4354084914}.AppStore|Any CPU.Build.0 = Release|Any CPU
		{87CFC833-E895-4DDB-B781-EE4354084914}.AppStore|Any CPU.Deploy.0 = Release|Any CPU
		{87CFC833-E895-4DDB-B781-EE4354084914}.AppStore|ARM.ActiveCfg = Release|Any CPU
		{87CFC833-E895-4DDB-B781-EE4354084914}.AppStore|ARM.Build.0 = Release|Any CPU
		{87CFC833-E895-4DDB-B781-EE4354084914}.AppStore|ARM.Deploy.0 = Release|Any CPU
		{87CFC833-E895-4DDB-B781-EE4354084914}.AppStore|iPhone.ActiveCfg = Release|Any CPU
		{87CFC833-E895-4DDB-B781-EE4354084914}.AppStore|iPhone.Build.0 = Release|Any CPU
		{87CFC833-E895-4DDB-B781-EE4354084914}.AppStore|iPhone.Deploy.0 = Release|Any CPU
		{87CFC833-E895-4DDB-B781-EE4354084914}.AppStore|iPhoneSimulator.ActiveCfg = Release|Any CPU
		{87CFC833-E895-4DDB-B781-EE4354084914}.AppStore|iPhoneSimulator.Build.0 = Release|Any CPU
		{87CFC833-E895-4DDB-B781-EE4354084914}.AppStore|iPhoneSimulator.Deploy.0 = Release|Any CPU
		{87CFC833-E895-4DDB-B781-EE4354084914}.AppStore|x64.ActiveCfg = Release|Any CPU
		{87CFC833-E895-4DDB-B781-EE4354084914}.AppStore|x64.Build.0 = Release|Any CPU
		{87CFC833-E895-4DDB-B781-EE4354084914}.AppStore|x64.Deploy.0 = Release|Any CPU
		{87CFC833-E895-4DDB-B781-EE4354084914}.AppStore|x86.ActiveCfg = Release|Any CPU
		{87CFC833-E895-4DDB-B781-EE4354084914}.AppStore|x86.Build.0 = Release|Any CPU
		{87CFC833-E895-4DDB-B781-EE4354084914}.AppStore|x86.Deploy.0 = Release|Any CPU
		{87CFC833-E895-4DDB-B781-EE4354084914}.Debug|Any CPU.ActiveCfg = Debug|Any CPU
		{87CFC833-E895-4DDB-B781-EE4354084914}.Debug|Any CPU.Build.0 = Debug|Any CPU
		{87CFC833-E895-4DDB-B781-EE4354084914}.Debug|Any CPU.Deploy.0 = Debug|Any CPU
		{87CFC833-E895-4DDB-B781-EE4354084914}.Debug|ARM.ActiveCfg = Debug|Any CPU
		{87CFC833-E895-4DDB-B781-EE4354084914}.Debug|ARM.Build.0 = Debug|Any CPU
		{87CFC833-E895-4DDB-B781-EE4354084914}.Debug|ARM.Deploy.0 = Debug|Any CPU
		{87CFC833-E895-4DDB-B781-EE4354084914}.Debug|iPhone.ActiveCfg = Debug|Any CPU
		{87CFC833-E895-4DDB-B781-EE4354084914}.Debug|iPhone.Build.0 = Debug|Any CPU
		{87CFC833-E895-4DDB-B781-EE4354084914}.Debug|iPhone.Deploy.0 = Debug|Any CPU
		{87CFC833-E895-4DDB-B781-EE4354084914}.Debug|iPhoneSimulator.ActiveCfg = Debug|Any CPU
		{87CFC833-E895-4DDB-B781-EE4354084914}.Debug|iPhoneSimulator.Build.0 = Debug|Any CPU
		{87CFC833-E895-4DDB-B781-EE4354084914}.Debug|iPhoneSimulator.Deploy.0 = Debug|Any CPU
		{87CFC833-E895-4DDB-B781-EE4354084914}.Debug|x64.ActiveCfg = Debug|Any CPU
		{87CFC833-E895-4DDB-B781-EE4354084914}.Debug|x64.Build.0 = Debug|Any CPU
		{87CFC833-E895-4DDB-B781-EE4354084914}.Debug|x64.Deploy.0 = Debug|Any CPU
		{87CFC833-E895-4DDB-B781-EE4354084914}.Debug|x86.ActiveCfg = Debug|Any CPU
		{87CFC833-E895-4DDB-B781-EE4354084914}.Debug|x86.Build.0 = Debug|Any CPU
		{87CFC833-E895-4DDB-B781-EE4354084914}.Debug|x86.Deploy.0 = Debug|Any CPU
		{87CFC833-E895-4DDB-B781-EE4354084914}.Release|Any CPU.ActiveCfg = Release|Any CPU
		{87CFC833-E895-4DDB-B781-EE4354084914}.Release|Any CPU.Build.0 = Release|Any CPU
		{87CFC833-E895-4DDB-B781-EE4354084914}.Release|Any CPU.Deploy.0 = Release|Any CPU
		{87CFC833-E895-4DDB-B781-EE4354084914}.Release|ARM.ActiveCfg = Release|Any CPU
		{87CFC833-E895-4DDB-B781-EE4354084914}.Release|ARM.Build.0 = Release|Any CPU
		{87CFC833-E895-4DDB-B781-EE4354084914}.Release|ARM.Deploy.0 = Release|Any CPU
		{87CFC833-E895-4DDB-B781-EE4354084914}.Release|iPhone.ActiveCfg = Release|Any CPU
		{87CFC833-E895-4DDB-B781-EE4354084914}.Release|iPhone.Build.0 = Release|Any CPU
		{87CFC833-E895-4DDB-B781-EE4354084914}.Release|iPhone.Deploy.0 = Release|Any CPU
		{87CFC833-E895-4DDB-B781-EE4354084914}.Release|iPhoneSimulator.ActiveCfg = Release|Any CPU
		{87CFC833-E895-4DDB-B781-EE4354084914}.Release|iPhoneSimulator.Build.0 = Release|Any CPU
		{87CFC833-E895-4DDB-B781-EE4354084914}.Release|iPhoneSimulator.Deploy.0 = Release|Any CPU
		{87CFC833-E895-4DDB-B781-EE4354084914}.Release|x64.ActiveCfg = Release|Any CPU
		{87CFC833-E895-4DDB-B781-EE4354084914}.Release|x64.Build.0 = Release|Any CPU
		{87CFC833-E895-4DDB-B781-EE4354084914}.Release|x64.Deploy.0 = Release|Any CPU
		{87CFC833-E895-4DDB-B781-EE4354084914}.Release|x86.ActiveCfg = Release|Any CPU
		{87CFC833-E895-4DDB-B781-EE4354084914}.Release|x86.Build.0 = Release|Any CPU
		{87CFC833-E895-4DDB-B781-EE4354084914}.Release|x86.Deploy.0 = Release|Any CPU
		{4DC4C27C-3D24-48E5-9B0C-C8EA56FDEF88}.Ad-Hoc|Any CPU.ActiveCfg = Ad-Hoc|iPhone
		{4DC4C27C-3D24-48E5-9B0C-C8EA56FDEF88}.Ad-Hoc|ARM.ActiveCfg = Ad-Hoc|iPhone
		{4DC4C27C-3D24-48E5-9B0C-C8EA56FDEF88}.Ad-Hoc|iPhone.ActiveCfg = Ad-Hoc|iPhone
		{4DC4C27C-3D24-48E5-9B0C-C8EA56FDEF88}.Ad-Hoc|iPhone.Build.0 = Ad-Hoc|iPhone
		{4DC4C27C-3D24-48E5-9B0C-C8EA56FDEF88}.Ad-Hoc|iPhoneSimulator.ActiveCfg = Ad-Hoc|iPhoneSimulator
		{4DC4C27C-3D24-48E5-9B0C-C8EA56FDEF88}.Ad-Hoc|iPhoneSimulator.Build.0 = Ad-Hoc|iPhoneSimulator
		{4DC4C27C-3D24-48E5-9B0C-C8EA56FDEF88}.Ad-Hoc|x64.ActiveCfg = Ad-Hoc|iPhone
		{4DC4C27C-3D24-48E5-9B0C-C8EA56FDEF88}.Ad-Hoc|x86.ActiveCfg = Ad-Hoc|iPhone
		{4DC4C27C-3D24-48E5-9B0C-C8EA56FDEF88}.AppStore|Any CPU.ActiveCfg = AppStore|iPhone
		{4DC4C27C-3D24-48E5-9B0C-C8EA56FDEF88}.AppStore|ARM.ActiveCfg = AppStore|iPhone
		{4DC4C27C-3D24-48E5-9B0C-C8EA56FDEF88}.AppStore|iPhone.ActiveCfg = AppStore|iPhone
		{4DC4C27C-3D24-48E5-9B0C-C8EA56FDEF88}.AppStore|iPhone.Build.0 = AppStore|iPhone
		{4DC4C27C-3D24-48E5-9B0C-C8EA56FDEF88}.AppStore|iPhoneSimulator.ActiveCfg = AppStore|iPhoneSimulator
		{4DC4C27C-3D24-48E5-9B0C-C8EA56FDEF88}.AppStore|iPhoneSimulator.Build.0 = AppStore|iPhoneSimulator
		{4DC4C27C-3D24-48E5-9B0C-C8EA56FDEF88}.AppStore|x64.ActiveCfg = AppStore|iPhone
		{4DC4C27C-3D24-48E5-9B0C-C8EA56FDEF88}.AppStore|x86.ActiveCfg = AppStore|iPhone
		{4DC4C27C-3D24-48E5-9B0C-C8EA56FDEF88}.Debug|Any CPU.ActiveCfg = Debug|iPhone
		{4DC4C27C-3D24-48E5-9B0C-C8EA56FDEF88}.Debug|ARM.ActiveCfg = Debug|iPhone
		{4DC4C27C-3D24-48E5-9B0C-C8EA56FDEF88}.Debug|iPhone.ActiveCfg = Debug|iPhone
		{4DC4C27C-3D24-48E5-9B0C-C8EA56FDEF88}.Debug|iPhone.Build.0 = Debug|iPhone
		{4DC4C27C-3D24-48E5-9B0C-C8EA56FDEF88}.Debug|iPhoneSimulator.ActiveCfg = Debug|iPhoneSimulator
		{4DC4C27C-3D24-48E5-9B0C-C8EA56FDEF88}.Debug|iPhoneSimulator.Build.0 = Debug|iPhoneSimulator
		{4DC4C27C-3D24-48E5-9B0C-C8EA56FDEF88}.Debug|x64.ActiveCfg = Debug|iPhone
		{4DC4C27C-3D24-48E5-9B0C-C8EA56FDEF88}.Debug|x86.ActiveCfg = Debug|iPhone
		{4DC4C27C-3D24-48E5-9B0C-C8EA56FDEF88}.Release|Any CPU.ActiveCfg = Release|iPhone
		{4DC4C27C-3D24-48E5-9B0C-C8EA56FDEF88}.Release|ARM.ActiveCfg = Release|iPhone
		{4DC4C27C-3D24-48E5-9B0C-C8EA56FDEF88}.Release|iPhone.ActiveCfg = Release|iPhone
		{4DC4C27C-3D24-48E5-9B0C-C8EA56FDEF88}.Release|iPhone.Build.0 = Release|iPhone
		{4DC4C27C-3D24-48E5-9B0C-C8EA56FDEF88}.Release|iPhoneSimulator.ActiveCfg = Release|iPhoneSimulator
		{4DC4C27C-3D24-48E5-9B0C-C8EA56FDEF88}.Release|iPhoneSimulator.Build.0 = Release|iPhoneSimulator
		{4DC4C27C-3D24-48E5-9B0C-C8EA56FDEF88}.Release|x64.ActiveCfg = Release|iPhone
		{4DC4C27C-3D24-48E5-9B0C-C8EA56FDEF88}.Release|x86.ActiveCfg = Release|iPhone
		{E4463D0C-D4F6-4073-B3D9-5DDEB5368A23}.Ad-Hoc|Any CPU.ActiveCfg = Release|x86
		{E4463D0C-D4F6-4073-B3D9-5DDEB5368A23}.Ad-Hoc|Any CPU.Build.0 = Release|x86
		{E4463D0C-D4F6-4073-B3D9-5DDEB5368A23}.Ad-Hoc|Any CPU.Deploy.0 = Release|x86
		{E4463D0C-D4F6-4073-B3D9-5DDEB5368A23}.Ad-Hoc|ARM.ActiveCfg = Release|ARM
		{E4463D0C-D4F6-4073-B3D9-5DDEB5368A23}.Ad-Hoc|ARM.Build.0 = Release|ARM
		{E4463D0C-D4F6-4073-B3D9-5DDEB5368A23}.Ad-Hoc|ARM.Deploy.0 = Release|ARM
		{E4463D0C-D4F6-4073-B3D9-5DDEB5368A23}.Ad-Hoc|iPhone.ActiveCfg = Release|x86
		{E4463D0C-D4F6-4073-B3D9-5DDEB5368A23}.Ad-Hoc|iPhone.Build.0 = Release|x86
		{E4463D0C-D4F6-4073-B3D9-5DDEB5368A23}.Ad-Hoc|iPhone.Deploy.0 = Release|x86
		{E4463D0C-D4F6-4073-B3D9-5DDEB5368A23}.Ad-Hoc|iPhoneSimulator.ActiveCfg = Release|x86
		{E4463D0C-D4F6-4073-B3D9-5DDEB5368A23}.Ad-Hoc|iPhoneSimulator.Build.0 = Release|x86
		{E4463D0C-D4F6-4073-B3D9-5DDEB5368A23}.Ad-Hoc|iPhoneSimulator.Deploy.0 = Release|x86
		{E4463D0C-D4F6-4073-B3D9-5DDEB5368A23}.Ad-Hoc|x64.ActiveCfg = Release|x64
		{E4463D0C-D4F6-4073-B3D9-5DDEB5368A23}.Ad-Hoc|x64.Build.0 = Release|x64
		{E4463D0C-D4F6-4073-B3D9-5DDEB5368A23}.Ad-Hoc|x64.Deploy.0 = Release|x64
		{E4463D0C-D4F6-4073-B3D9-5DDEB5368A23}.Ad-Hoc|x86.ActiveCfg = Release|x86
		{E4463D0C-D4F6-4073-B3D9-5DDEB5368A23}.Ad-Hoc|x86.Build.0 = Release|x86
		{E4463D0C-D4F6-4073-B3D9-5DDEB5368A23}.Ad-Hoc|x86.Deploy.0 = Release|x86
		{E4463D0C-D4F6-4073-B3D9-5DDEB5368A23}.AppStore|Any CPU.ActiveCfg = Release|x86
		{E4463D0C-D4F6-4073-B3D9-5DDEB5368A23}.AppStore|Any CPU.Build.0 = Release|x86
		{E4463D0C-D4F6-4073-B3D9-5DDEB5368A23}.AppStore|Any CPU.Deploy.0 = Release|x86
		{E4463D0C-D4F6-4073-B3D9-5DDEB5368A23}.AppStore|ARM.ActiveCfg = Release|ARM
		{E4463D0C-D4F6-4073-B3D9-5DDEB5368A23}.AppStore|ARM.Build.0 = Release|ARM
		{E4463D0C-D4F6-4073-B3D9-5DDEB5368A23}.AppStore|ARM.Deploy.0 = Release|ARM
		{E4463D0C-D4F6-4073-B3D9-5DDEB5368A23}.AppStore|iPhone.ActiveCfg = Release|x86
		{E4463D0C-D4F6-4073-B3D9-5DDEB5368A23}.AppStore|iPhone.Build.0 = Release|x86
		{E4463D0C-D4F6-4073-B3D9-5DDEB5368A23}.AppStore|iPhone.Deploy.0 = Release|x86
		{E4463D0C-D4F6-4073-B3D9-5DDEB5368A23}.AppStore|iPhoneSimulator.ActiveCfg = Release|x86
		{E4463D0C-D4F6-4073-B3D9-5DDEB5368A23}.AppStore|iPhoneSimulator.Build.0 = Release|x86
		{E4463D0C-D4F6-4073-B3D9-5DDEB5368A23}.AppStore|iPhoneSimulator.Deploy.0 = Release|x86
		{E4463D0C-D4F6-4073-B3D9-5DDEB5368A23}.AppStore|x64.ActiveCfg = Release|x64
		{E4463D0C-D4F6-4073-B3D9-5DDEB5368A23}.AppStore|x64.Build.0 = Release|x64
		{E4463D0C-D4F6-4073-B3D9-5DDEB5368A23}.AppStore|x64.Deploy.0 = Release|x64
		{E4463D0C-D4F6-4073-B3D9-5DDEB5368A23}.AppStore|x86.ActiveCfg = Release|x86
		{E4463D0C-D4F6-4073-B3D9-5DDEB5368A23}.AppStore|x86.Build.0 = Release|x86
		{E4463D0C-D4F6-4073-B3D9-5DDEB5368A23}.AppStore|x86.Deploy.0 = Release|x86
		{E4463D0C-D4F6-4073-B3D9-5DDEB5368A23}.Debug|Any CPU.ActiveCfg = Debug|x86
		{E4463D0C-D4F6-4073-B3D9-5DDEB5368A23}.Debug|ARM.ActiveCfg = Debug|ARM
		{E4463D0C-D4F6-4073-B3D9-5DDEB5368A23}.Debug|ARM.Build.0 = Debug|ARM
		{E4463D0C-D4F6-4073-B3D9-5DDEB5368A23}.Debug|ARM.Deploy.0 = Debug|ARM
		{E4463D0C-D4F6-4073-B3D9-5DDEB5368A23}.Debug|iPhone.ActiveCfg = Debug|x86
		{E4463D0C-D4F6-4073-B3D9-5DDEB5368A23}.Debug|iPhoneSimulator.ActiveCfg = Debug|x86
		{E4463D0C-D4F6-4073-B3D9-5DDEB5368A23}.Debug|x64.ActiveCfg = Debug|x64
		{E4463D0C-D4F6-4073-B3D9-5DDEB5368A23}.Debug|x64.Build.0 = Debug|x64
		{E4463D0C-D4F6-4073-B3D9-5DDEB5368A23}.Debug|x64.Deploy.0 = Debug|x64
		{E4463D0C-D4F6-4073-B3D9-5DDEB5368A23}.Debug|x86.ActiveCfg = Debug|x86
		{E4463D0C-D4F6-4073-B3D9-5DDEB5368A23}.Debug|x86.Build.0 = Debug|x86
		{E4463D0C-D4F6-4073-B3D9-5DDEB5368A23}.Debug|x86.Deploy.0 = Debug|x86
		{E4463D0C-D4F6-4073-B3D9-5DDEB5368A23}.Release|Any CPU.ActiveCfg = Release|x86
		{E4463D0C-D4F6-4073-B3D9-5DDEB5368A23}.Release|ARM.ActiveCfg = Release|ARM
		{E4463D0C-D4F6-4073-B3D9-5DDEB5368A23}.Release|ARM.Build.0 = Release|ARM
		{E4463D0C-D4F6-4073-B3D9-5DDEB5368A23}.Release|ARM.Deploy.0 = Release|ARM
		{E4463D0C-D4F6-4073-B3D9-5DDEB5368A23}.Release|iPhone.ActiveCfg = Release|x86
		{E4463D0C-D4F6-4073-B3D9-5DDEB5368A23}.Release|iPhoneSimulator.ActiveCfg = Release|x86
		{E4463D0C-D4F6-4073-B3D9-5DDEB5368A23}.Release|x64.ActiveCfg = Release|x64
		{E4463D0C-D4F6-4073-B3D9-5DDEB5368A23}.Release|x64.Build.0 = Release|x64
		{E4463D0C-D4F6-4073-B3D9-5DDEB5368A23}.Release|x64.Deploy.0 = Release|x64
		{E4463D0C-D4F6-4073-B3D9-5DDEB5368A23}.Release|x86.ActiveCfg = Release|x86
		{E4463D0C-D4F6-4073-B3D9-5DDEB5368A23}.Release|x86.Build.0 = Release|x86
		{E4463D0C-D4F6-4073-B3D9-5DDEB5368A23}.Release|x86.Deploy.0 = Release|x86
	EndGlobalSection
	GlobalSection(SolutionProperties) = preSolution
		HideSolutionNode = FALSE
	EndGlobalSection
EndGlobal
